
Microsoft Visual Studio Solution File, Format Version 12.00
# Visual Studio Version 17
VisualStudioVersion = 17.12.35728.132 d17.12
MinimumVisualStudioVersion = 10.0.40219.1
Project("{FAE04EC0-301F-11D3-BF4B-00C04F79EFBC}") = "leetcode-c#-longest-common-prefix", "leetcode-c#-longest-common-prefix\leetcode-c#-longest-common-prefix.csproj", "{BF552475-6EB2-416C-A9C8-74149BA0B5AF}"
EndProject
Global
	GlobalSection(SolutionConfigurationPlatforms) = preSolution
		Debug|Any CPU = Debug|Any CPU
		Release|Any CPU = Release|Any CPU
	EndGlobalSection
	GlobalSection(ProjectConfigurationPlatforms) = postSolution
		{BF552475-6EB2-416C-A9C8-74149BA0B5AF}.Debug|Any CPU.ActiveCfg = Debug|Any CPU
		{BF552475-6EB2-416C-A9C8-74149BA0B5AF}.Debug|Any CPU.Build.0 = Debug|Any CPU
		{BF552475-6EB2-416C-A9C8-74149BA0B5AF}.Release|Any CPU.ActiveCfg = Release|Any CPU
		{BF552475-6EB2-416C-A9C8-74149BA0B5AF}.Release|Any CPU.Build.0 = Release|Any CPU
	EndGlobalSection
	GlobalSection(SolutionProperties) = preSolution
		HideSolutionNode = FALSE
	EndGlobalSection
EndGlobal
